
Microsoft Visual Studio Solution File, Format Version 12.00
# Visual Studio Version 16
VisualStudioVersion = 16.0.28714.193
MinimumVisualStudioVersion = 10.0.40219.1
Project("{FAE04EC0-301F-11D3-BF4B-00C04F79EFBC}") = "UXDemo", "UXDemo\UXDemo.csproj", "{933C2385-69DE-408D-80F2-677996E7424F}"
EndProject
Project("{9A19103F-16F7-4668-BE54-9A1E7A4F7556}") = "UXDemo.Models", "UXDemo.Models\UXDemo.Models.csproj", "{08857454-BFDF-4845-9350-2541A877B476}"
EndProject
Project("{9A19103F-16F7-4668-BE54-9A1E7A4F7556}") = "UXDemo.ViewModels", "UXDemo.ViewModels\UXDemo.ViewModels.csproj", "{FACB7485-6029-4158-9CCF-FD52642F83A3}"
EndProject
Project("{9A19103F-16F7-4668-BE54-9A1E7A4F7556}") = "UXDemo.Services", "UXDemo.Services\UXDemo.Services.csproj", "{D960E943-A921-47E5-830C-5887F920525E}"
EndProject
Project("{9A19103F-16F7-4668-BE54-9A1E7A4F7556}") = "UXDemo.Services.Interfaces", "UXDemo.Services.Interfaces\UXDemo.Services.Interfaces.csproj", "{B636CD94-7976-4C1C-9CEA-31F25C2E3747}"
EndProject
Project("{FAE04EC0-301F-11D3-BF4B-00C04F79EFBC}") = "UXDemo.Converters", "UXDemo.Converters\UXDemo.Converters.csproj", "{A7078161-3AC0-4A1C-A1ED-6669B59107C1}"
EndProject
Project("{9A19103F-16F7-4668-BE54-9A1E7A4F7556}") = "UXDemo.UserControls.ViewModels", "UXDemo.UserControls.ViewModels\UXDemo.UserControls.ViewModels.csproj", "{53732FE1-88EF-4D6A-8D44-EFE9BEA72CD5}"
EndProject
Project("{9A19103F-16F7-4668-BE54-9A1E7A4F7556}") = "UXDemo.UserControls.ViewModels.Design", "UXDemo.UserControls.ViewModels.Design\UXDemo.UserControls.ViewModels.Design.csproj", "{5643762B-29AD-4446-99FC-1E7C3230E5B8}"
EndProject
Project("{FAE04EC0-301F-11D3-BF4B-00C04F79EFBC}") = "UXDemo.Views.Wpf", "UXDemo.Views.Wpf\UXDemo.Views.Wpf.csproj", "{B2C0DFC6-7FA9-4E77-9C42-FED71910CDA6}"
EndProject
Project("{FAE04EC0-301F-11D3-BF4B-00C04F79EFBC}") = "UXDemo.UserControls.Wpf", "UXDemo.UserControls.Wpf\UXDemo.UserControls.Wpf.csproj", "{16038684-846A-4525-90BC-95A33F2DA865}"
EndProject
Project("{FAE04EC0-301F-11D3-BF4B-00C04F79EFBC}") = "UXDemo.Styles.Wpf", "UXDemo.Styles.Wpf\UXDemo.Styles.Wpf.csproj", "{F6CAD3EF-31CD-4599-ADC2-A4C5095DF428}"
EndProject
Project("{9A19103F-16F7-4668-BE54-9A1E7A4F7556}") = "UXDemo.Basics", "UXDemo.Basics\UXDemo.Basics.csproj", "{33861155-48CA-4F78-B16B-BF47ED0BA515}"
EndProject
Project("{FAE04EC0-301F-11D3-BF4B-00C04F79EFBC}") = "UXDemo.Test.Styles", "UXDemo.Test.Styles\UXDemo.Test.Styles.csproj", "{2B1FAF64-1552-4BD4-BA11-D97FA2891710}"
EndProject
Project("{FAE04EC0-301F-11D3-BF4B-00C04F79EFBC}") = "UXDemo.Navigation.Wpf", "UXDemo.Navigation.Wpf\UXDemo.Navigation.Wpf.csproj", "{C4F97757-62CB-4347-90D3-59E0300532A5}"
EndProject
Global
	GlobalSection(SolutionConfigurationPlatforms) = preSolution
		Debug|Any CPU = Debug|Any CPU
		Debug|x64 = Debug|x64
		Debug|x86 = Debug|x86
		Release|Any CPU = Release|Any CPU
		Release|x64 = Release|x64
		Release|x86 = Release|x86
	EndGlobalSection
	GlobalSection(ProjectConfigurationPlatforms) = postSolution
		{933C2385-69DE-408D-80F2-677996E7424F}.Debug|Any CPU.ActiveCfg = Debug|Any CPU
		{933C2385-69DE-408D-80F2-677996E7424F}.Debug|Any CPU.Build.0 = Debug|Any CPU
		{933C2385-69DE-408D-80F2-677996E7424F}.Debug|x64.ActiveCfg = Debug|x64
		{933C2385-69DE-408D-80F2-677996E7424F}.Debug|x64.Build.0 = Debug|x64
		{933C2385-69DE-408D-80F2-677996E7424F}.Debug|x86.ActiveCfg = Debug|x86
		{933C2385-69DE-408D-80F2-677996E7424F}.Debug|x86.Build.0 = Debug|x86
		{933C2385-69DE-408D-80F2-677996E7424F}.Release|Any CPU.ActiveCfg = Release|Any CPU
		{933C2385-69DE-408D-80F2-677996E7424F}.Release|Any CPU.Build.0 = Release|Any CPU
		{933C2385-69DE-408D-80F2-677996E7424F}.Release|x64.ActiveCfg = Release|x64
		{933C2385-69DE-408D-80F2-677996E7424F}.Release|x64.Build.0 = Release|x64
		{933C2385-69DE-408D-80F2-677996E7424F}.Release|x86.ActiveCfg = Release|x86
		{933C2385-69DE-408D-80F2-677996E7424F}.Release|x86.Build.0 = Release|x86
		{08857454-BFDF-4845-9350-2541A877B476}.Debug|Any CPU.ActiveCfg = Debug|Any CPU
		{08857454-BFDF-4845-9350-2541A877B476}.Debug|Any CPU.Build.0 = Debug|Any CPU
		{08857454-BFDF-4845-9350-2541A877B476}.Debug|x64.ActiveCfg = Debug|Any CPU
		{08857454-BFDF-4845-9350-2541A877B476}.Debug|x64.Build.0 = Debug|Any CPU
		{08857454-BFDF-4845-9350-2541A877B476}.Debug|x86.ActiveCfg = Debug|x86
		{08857454-BFDF-4845-9350-2541A877B476}.Debug|x86.Build.0 = Debug|x86
		{08857454-BFDF-4845-9350-2541A877B476}.Release|Any CPU.ActiveCfg = Release|Any CPU
		{08857454-BFDF-4845-9350-2541A877B476}.Release|Any CPU.Build.0 = Release|Any CPU
		{08857454-BFDF-4845-9350-2541A877B476}.Release|x64.ActiveCfg = Release|Any CPU
		{08857454-BFDF-4845-9350-2541A877B476}.Release|x64.Build.0 = Release|Any CPU
		{08857454-BFDF-4845-9350-2541A877B476}.Release|x86.ActiveCfg = Release|x86
		{08857454-BFDF-4845-9350-2541A877B476}.Release|x86.Build.0 = Release|x86
		{FACB7485-6029-4158-9CCF-FD52642F83A3}.Debug|Any CPU.ActiveCfg = Debug|Any CPU
		{FACB7485-6029-4158-9CCF-FD52642F83A3}.Debug|Any CPU.Build.0 = Debug|Any CPU
		{FACB7485-6029-4158-9CCF-FD52642F83A3}.Debug|x64.ActiveCfg = Debug|Any CPU
		{FACB7485-6029-4158-9CCF-FD52642F83A3}.Debug|x64.Build.0 = Debug|Any CPU
		{FACB7485-6029-4158-9CCF-FD52642F83A3}.Debug|x86.ActiveCfg = Debug|x86
		{FACB7485-6029-4158-9CCF-FD52642F83A3}.Debug|x86.Build.0 = Debug|x86
		{FACB7485-6029-4158-9CCF-FD52642F83A3}.Release|Any CPU.ActiveCfg = Release|Any CPU
		{FACB7485-6029-4158-9CCF-FD52642F83A3}.Release|Any CPU.Build.0 = Release|Any CPU
		{FACB7485-6029-4158-9CCF-FD52642F83A3}.Release|x64.ActiveCfg = Release|Any CPU
		{FACB7485-6029-4158-9CCF-FD52642F83A3}.Release|x64.Build.0 = Release|Any CPU
		{FACB7485-6029-4158-9CCF-FD52642F83A3}.Release|x86.ActiveCfg = Release|x86
		{FACB7485-6029-4158-9CCF-FD52642F83A3}.Release|x86.Build.0 = Release|x86
		{D960E943-A921-47E5-830C-5887F920525E}.Debug|Any CPU.ActiveCfg = Debug|Any CPU
		{D960E943-A921-47E5-830C-5887F920525E}.Debug|Any CPU.Build.0 = Debug|Any CPU
		{D960E943-A921-47E5-830C-5887F920525E}.Debug|x64.ActiveCfg = Debug|Any CPU
		{D960E943-A921-47E5-830C-5887F920525E}.Debug|x64.Build.0 = Debug|Any CPU
		{D960E943-A921-47E5-830C-5887F920525E}.Debug|x86.ActiveCfg = Debug|x86
		{D960E943-A921-47E5-830C-5887F920525E}.Debug|x86.Build.0 = Debug|x86
		{D960E943-A921-47E5-830C-5887F920525E}.Release|Any CPU.ActiveCfg = Release|Any CPU
		{D960E943-A921-47E5-830C-5887F920525E}.Release|Any CPU.Build.0 = Release|Any CPU
		{D960E943-A921-47E5-830C-5887F920525E}.Release|x64.ActiveCfg = Release|Any CPU
		{D960E943-A921-47E5-830C-5887F920525E}.Release|x64.Build.0 = Release|Any CPU
		{D960E943-A921-47E5-830C-5887F920525E}.Release|x86.ActiveCfg = Release|x86
		{D960E943-A921-47E5-830C-5887F920525E}.Release|x86.Build.0 = Release|x86
		{B636CD94-7976-4C1C-9CEA-31F25C2E3747}.Debug|Any CPU.ActiveCfg = Debug|Any CPU
		{B636CD94-7976-4C1C-9CEA-31F25C2E3747}.Debug|Any CPU.Build.0 = Debug|Any CPU
		{B636CD94-7976-4C1C-9CEA-31F25C2E3747}.Debug|x64.ActiveCfg = Debug|Any CPU
		{B636CD94-7976-4C1C-9CEA-31F25C2E3747}.Debug|x64.Build.0 = Debug|Any CPU
		{B636CD94-7976-4C1C-9CEA-31F25C2E3747}.Debug|x86.ActiveCfg = Debug|x86
		{B636CD94-7976-4C1C-9CEA-31F25C2E3747}.Debug|x86.Build.0 = Debug|x86
		{B636CD94-7976-4C1C-9CEA-31F25C2E3747}.Release|Any CPU.ActiveCfg = Release|Any CPU
		{B636CD94-7976-4C1C-9CEA-31F25C2E3747}.Release|Any CPU.Build.0 = Release|Any CPU
		{B636CD94-7976-4C1C-9CEA-31F25C2E3747}.Release|x64.ActiveCfg = Release|Any CPU
		{B636CD94-7976-4C1C-9CEA-31F25C2E3747}.Release|x64.Build.0 = Release|Any CPU
		{B636CD94-7976-4C1C-9CEA-31F25C2E3747}.Release|x86.ActiveCfg = Release|x86
		{B636CD94-7976-4C1C-9CEA-31F25C2E3747}.Release|x86.Build.0 = Release|x86
		{A7078161-3AC0-4A1C-A1ED-6669B59107C1}.Debug|Any CPU.ActiveCfg = Debug|Any CPU
		{A7078161-3AC0-4A1C-A1ED-6669B59107C1}.Debug|Any CPU.Build.0 = Debug|Any CPU
		{A7078161-3AC0-4A1C-A1ED-6669B59107C1}.Debug|x64.ActiveCfg = Debug|Any CPU
		{A7078161-3AC0-4A1C-A1ED-6669B59107C1}.Debug|x64.Build.0 = Debug|Any CPU
		{A7078161-3AC0-4A1C-A1ED-6669B59107C1}.Debug|x86.ActiveCfg = Debug|Any CPU
		{A7078161-3AC0-4A1C-A1ED-6669B59107C1}.Debug|x86.Build.0 = Debug|Any CPU
		{A7078161-3AC0-4A1C-A1ED-6669B59107C1}.Release|Any CPU.ActiveCfg = Release|Any CPU
		{A7078161-3AC0-4A1C-A1ED-6669B59107C1}.Release|Any CPU.Build.0 = Release|Any CPU
		{A7078161-3AC0-4A1C-A1ED-6669B59107C1}.Release|x64.ActiveCfg = Release|Any CPU
		{A7078161-3AC0-4A1C-A1ED-6669B59107C1}.Release|x64.Build.0 = Release|Any CPU
		{A7078161-3AC0-4A1C-A1ED-6669B59107C1}.Release|x86.ActiveCfg = Release|Any CPU
		{A7078161-3AC0-4A1C-A1ED-6669B59107C1}.Release|x86.Build.0 = Release|Any CPU
		{53732FE1-88EF-4D6A-8D44-EFE9BEA72CD5}.Debug|Any CPU.ActiveCfg = Debug|Any CPU
		{53732FE1-88EF-4D6A-8D44-EFE9BEA72CD5}.Debug|Any CPU.Build.0 = Debug|Any CPU
		{53732FE1-88EF-4D6A-8D44-EFE9BEA72CD5}.Debug|x64.ActiveCfg = Debug|Any CPU
		{53732FE1-88EF-4D6A-8D44-EFE9BEA72CD5}.Debug|x64.Build.0 = Debug|Any CPU
		{53732FE1-88EF-4D6A-8D44-EFE9BEA72CD5}.Debug|x86.ActiveCfg = Debug|Any CPU
		{53732FE1-88EF-4D6A-8D44-EFE9BEA72CD5}.Debug|x86.Build.0 = Debug|Any CPU
		{53732FE1-88EF-4D6A-8D44-EFE9BEA72CD5}.Release|Any CPU.ActiveCfg = Release|Any CPU
		{53732FE1-88EF-4D6A-8D44-EFE9BEA72CD5}.Release|Any CPU.Build.0 = Release|Any CPU
		{53732FE1-88EF-4D6A-8D44-EFE9BEA72CD5}.Release|x64.ActiveCfg = Release|Any CPU
		{53732FE1-88EF-4D6A-8D44-EFE9BEA72CD5}.Release|x64.Build.0 = Release|Any CPU
		{53732FE1-88EF-4D6A-8D44-EFE9BEA72CD5}.Release|x86.ActiveCfg = Release|Any CPU
		{53732FE1-88EF-4D6A-8D44-EFE9BEA72CD5}.Release|x86.Build.0 = Release|Any CPU
		{5643762B-29AD-4446-99FC-1E7C3230E5B8}.Debug|Any CPU.ActiveCfg = Debug|Any CPU
		{5643762B-29AD-4446-99FC-1E7C3230E5B8}.Debug|Any CPU.Build.0 = Debug|Any CPU
		{5643762B-29AD-4446-99FC-1E7C3230E5B8}.Debug|x64.ActiveCfg = Debug|Any CPU
		{5643762B-29AD-4446-99FC-1E7C3230E5B8}.Debug|x64.Build.0 = Debug|Any CPU
		{5643762B-29AD-4446-99FC-1E7C3230E5B8}.Debug|x86.ActiveCfg = Debug|Any CPU
		{5643762B-29AD-4446-99FC-1E7C3230E5B8}.Debug|x86.Build.0 = Debug|Any CPU
		{5643762B-29AD-4446-99FC-1E7C3230E5B8}.Release|Any CPU.ActiveCfg = Release|Any CPU
		{5643762B-29AD-4446-99FC-1E7C3230E5B8}.Release|Any CPU.Build.0 = Release|Any CPU
		{5643762B-29AD-4446-99FC-1E7C3230E5B8}.Release|x64.ActiveCfg = Release|Any CPU
		{5643762B-29AD-4446-99FC-1E7C3230E5B8}.Release|x64.Build.0 = Release|Any CPU
		{5643762B-29AD-4446-99FC-1E7C3230E5B8}.Release|x86.ActiveCfg = Release|Any CPU
		{5643762B-29AD-4446-99FC-1E7C3230E5B8}.Release|x86.Build.0 = Release|Any CPU
		{B2C0DFC6-7FA9-4E77-9C42-FED71910CDA6}.Debug|Any CPU.ActiveCfg = Debug|Any CPU
		{B2C0DFC6-7FA9-4E77-9C42-FED71910CDA6}.Debug|Any CPU.Build.0 = Debug|Any CPU
		{B2C0DFC6-7FA9-4E77-9C42-FED71910CDA6}.Debug|x64.ActiveCfg = Debug|Any CPU
		{B2C0DFC6-7FA9-4E77-9C42-FED71910CDA6}.Debug|x64.Build.0 = Debug|Any CPU
		{B2C0DFC6-7FA9-4E77-9C42-FED71910CDA6}.Debug|x86.ActiveCfg = Debug|Any CPU
		{B2C0DFC6-7FA9-4E77-9C42-FED71910CDA6}.Debug|x86.Build.0 = Debug|Any CPU
		{B2C0DFC6-7FA9-4E77-9C42-FED71910CDA6}.Release|Any CPU.ActiveCfg = Release|Any CPU
		{B2C0DFC6-7FA9-4E77-9C42-FED71910CDA6}.Release|Any CPU.Build.0 = Release|Any CPU
		{B2C0DFC6-7FA9-4E77-9C42-FED71910CDA6}.Release|x64.ActiveCfg = Release|Any CPU
		{B2C0DFC6-7FA9-4E77-9C42-FED71910CDA6}.Release|x64.Build.0 = Release|Any CPU
		{B2C0DFC6-7FA9-4E77-9C42-FED71910CDA6}.Release|x86.ActiveCfg = Release|Any CPU
		{B2C0DFC6-7FA9-4E77-9C42-FED71910CDA6}.Release|x86.Build.0 = Release|Any CPU
		{16038684-846A-4525-90BC-95A33F2DA865}.Debug|Any CPU.ActiveCfg = Debug|Any CPU
		{16038684-846A-4525-90BC-95A33F2DA865}.Debug|Any CPU.Build.0 = Debug|Any CPU
		{16038684-846A-4525-90BC-95A33F2DA865}.Debug|x64.ActiveCfg = Debug|Any CPU
		{16038684-846A-4525-90BC-95A33F2DA865}.Debug|x64.Build.0 = Debug|Any CPU
		{16038684-846A-4525-90BC-95A33F2DA865}.Debug|x86.ActiveCfg = Debug|Any CPU
		{16038684-846A-4525-90BC-95A33F2DA865}.Debug|x86.Build.0 = Debug|Any CPU
		{16038684-846A-4525-90BC-95A33F2DA865}.Release|Any CPU.ActiveCfg = Release|Any CPU
		{16038684-846A-4525-90BC-95A33F2DA865}.Release|Any CPU.Build.0 = Release|Any CPU
		{16038684-846A-4525-90BC-95A33F2DA865}.Release|x64.ActiveCfg = Release|Any CPU
		{16038684-846A-4525-90BC-95A33F2DA865}.Release|x64.Build.0 = Release|Any CPU
		{16038684-846A-4525-90BC-95A33F2DA865}.Release|x86.ActiveCfg = Release|Any CPU
		{16038684-846A-4525-90BC-95A33F2DA865}.Release|x86.Build.0 = Release|Any CPU
		{F6CAD3EF-31CD-4599-ADC2-A4C5095DF428}.Debug|Any CPU.ActiveCfg = Debug|Any CPU
		{F6CAD3EF-31CD-4599-ADC2-A4C5095DF428}.Debug|Any CPU.Build.0 = Debug|Any CPU
		{F6CAD3EF-31CD-4599-ADC2-A4C5095DF428}.Debug|x64.ActiveCfg = Debug|Any CPU
		{F6CAD3EF-31CD-4599-ADC2-A4C5095DF428}.Debug|x64.Build.0 = Debug|Any CPU
		{F6CAD3EF-31CD-4599-ADC2-A4C5095DF428}.Debug|x86.ActiveCfg = Debug|Any CPU
		{F6CAD3EF-31CD-4599-ADC2-A4C5095DF428}.Debug|x86.Build.0 = Debug|Any CPU
		{F6CAD3EF-31CD-4599-ADC2-A4C5095DF428}.Release|Any CPU.ActiveCfg = Release|Any CPU
		{F6CAD3EF-31CD-4599-ADC2-A4C5095DF428}.Release|Any CPU.Build.0 = Release|Any CPU
		{F6CAD3EF-31CD-4599-ADC2-A4C5095DF428}.Release|x64.ActiveCfg = Release|Any CPU
		{F6CAD3EF-31CD-4599-ADC2-A4C5095DF428}.Release|x64.Build.0 = Release|Any CPU
		{F6CAD3EF-31CD-4599-ADC2-A4C5095DF428}.Release|x86.ActiveCfg = Release|Any CPU
		{F6CAD3EF-31CD-4599-ADC2-A4C5095DF428}.Release|x86.Build.0 = Release|Any CPU
		{33861155-48CA-4F78-B16B-BF47ED0BA515}.Debug|Any CPU.ActiveCfg = Debug|Any CPU
		{33861155-48CA-4F78-B16B-BF47ED0BA515}.Debug|Any CPU.Build.0 = Debug|Any CPU
		{33861155-48CA-4F78-B16B-BF47ED0BA515}.Debug|x64.ActiveCfg = Debug|Any CPU
		{33861155-48CA-4F78-B16B-BF47ED0BA515}.Debug|x64.Build.0 = Debug|Any CPU
		{33861155-48CA-4F78-B16B-BF47ED0BA515}.Debug|x86.ActiveCfg = Debug|Any CPU
		{33861155-48CA-4F78-B16B-BF47ED0BA515}.Debug|x86.Build.0 = Debug|Any CPU
		{33861155-48CA-4F78-B16B-BF47ED0BA515}.Release|Any CPU.ActiveCfg = Release|Any CPU
		{33861155-48CA-4F78-B16B-BF47ED0BA515}.Release|Any CPU.Build.0 = Release|Any CPU
		{33861155-48CA-4F78-B16B-BF47ED0BA515}.Release|x64.ActiveCfg = Release|Any CPU
		{33861155-48CA-4F78-B16B-BF47ED0BA515}.Release|x64.Build.0 = Release|Any CPU
		{33861155-48CA-4F78-B16B-BF47ED0BA515}.Release|x86.ActiveCfg = Release|Any CPU
		{33861155-48CA-4F78-B16B-BF47ED0BA515}.Release|x86.Build.0 = Release|Any CPU
		{2B1FAF64-1552-4BD4-BA11-D97FA2891710}.Debug|Any CPU.ActiveCfg = Debug|Any CPU
		{2B1FAF64-1552-4BD4-BA11-D97FA2891710}.Debug|Any CPU.Build.0 = Debug|Any CPU
		{2B1FAF64-1552-4BD4-BA11-D97FA2891710}.Debug|x64.ActiveCfg = Debug|Any CPU
		{2B1FAF64-1552-4BD4-BA11-D97FA2891710}.Debug|x64.Build.0 = Debug|Any CPU
		{2B1FAF64-1552-4BD4-BA11-D97FA2891710}.Debug|x86.ActiveCfg = Debug|Any CPU
		{2B1FAF64-1552-4BD4-BA11-D97FA2891710}.Debug|x86.Build.0 = Debug|Any CPU
		{2B1FAF64-1552-4BD4-BA11-D97FA2891710}.Release|Any CPU.ActiveCfg = Release|Any CPU
		{2B1FAF64-1552-4BD4-BA11-D97FA2891710}.Release|Any CPU.Build.0 = Release|Any CPU
		{2B1FAF64-1552-4BD4-BA11-D97FA2891710}.Release|x64.ActiveCfg = Release|Any CPU
		{2B1FAF64-1552-4BD4-BA11-D97FA2891710}.Release|x64.Build.0 = Release|Any CPU
		{2B1FAF64-1552-4BD4-BA11-D97FA2891710}.Release|x86.ActiveCfg = Release|Any CPU
		{2B1FAF64-1552-4BD4-BA11-D97FA2891710}.Release|x86.Build.0 = Release|Any CPU
		{C4F97757-62CB-4347-90D3-59E0300532A5}.Debug|Any CPU.ActiveCfg = Debug|Any CPU
		{C4F97757-62CB-4347-90D3-59E0300532A5}.Debug|Any CPU.Build.0 = Debug|Any CPU
		{C4F97757-62CB-4347-90D3-59E0300532A5}.Debug|x64.ActiveCfg = Debug|Any CPU
		{C4F97757-62CB-4347-90D3-59E0300532A5}.Debug|x64.Build.0 = Debug|Any CPU
		{C4F97757-62CB-4347-90D3-59E0300532A5}.Debug|x86.ActiveCfg = Debug|Any CPU
		{C4F97757-62CB-4347-90D3-59E0300532A5}.Debug|x86.Build.0 = Debug|Any CPU
		{C4F97757-62CB-4347-90D3-59E0300532A5}.Release|Any CPU.ActiveCfg = Release|Any CPU
		{C4F97757-62CB-4347-90D3-59E0300532A5}.Release|Any CPU.Build.0 = Release|Any CPU
		{C4F97757-62CB-4347-90D3-59E0300532A5}.Release|x64.ActiveCfg = Release|Any CPU
		{C4F97757-62CB-4347-90D3-59E0300532A5}.Release|x64.Build.0 = Release|Any CPU
		{C4F97757-62CB-4347-90D3-59E0300532A5}.Release|x86.ActiveCfg = Release|Any CPU
		{C4F97757-62CB-4347-90D3-59E0300532A5}.Release|x86.Build.0 = Release|Any CPU
	EndGlobalSection
	GlobalSection(SolutionProperties) = preSolution
		HideSolutionNode = FALSE
	EndGlobalSection
	GlobalSection(ExtensibilityGlobals) = postSolution
		SolutionGuid = {BF7A2497-8DFA-4BCA-A036-723DDD4371DD}
	EndGlobalSection
EndGlobal
